
Microsoft Visual Studio Solution File, Format Version 12.00
# Visual Studio Version 17
VisualStudioVersion = 17.1.32414.318
MinimumVisualStudioVersion = 10.0.40219.1
Project("{8BC9CEB8-8B4A-11D0-8D11-00A0C91BC942}") = "Lab6", "Lab6\Lab6.vcxproj", "{218E625F-DFBC-4287-8207-C4AC279396F3}"
EndProject
Global
	GlobalSection(SolutionConfigurationPlatforms) = preSolution
		Debug|x64 = Debug|x64
		Debug|x86 = Debug|x86
		Release|x64 = Release|x64
		Release|x86 = Release|x86
	EndGlobalSection
	GlobalSection(ProjectConfigurationPlatforms) = postSolution
		{218E625F-DFBC-4287-8207-C4AC279396F3}.Debug|x64.ActiveCfg = Debug|x64
		{218E625F-DFBC-4287-8207-C4AC279396F3}.Debug|x64.Build.0 = Debug|x64
		{218E625F-DFBC-4287-8207-C4AC279396F3}.Debug|x86.ActiveCfg = Debug|Win32
		{218E625F-DFBC-4287-8207-C4AC279396F3}.Debug|x86.Build.0 = Debug|Win32
		{218E625F-DFBC-4287-8207-C4AC279396F3}.Release|x64.ActiveCfg = Release|x64
		{218E625F-DFBC-4287-8207-C4AC279396F3}.Release|x64.Build.0 = Release|x64
		{218E625F-DFBC-4287-8207-C4AC279396F3}.Release|x86.ActiveCfg = Release|Win32
		{218E625F-DFBC-4287-8207-C4AC279396F3}.Release|x86.Build.0 = Release|Win32
	EndGlobalSection
	GlobalSection(SolutionProperties) = preSolution
		HideSolutionNode = FALSE
	EndGlobalSection
	GlobalSection(ExtensibilityGlobals) = postSolution
		SolutionGuid = {0213C25D-316B-4B71-BA1E-C933A4EB662E}
	EndGlobalSection
EndGlobal
